{
  "name": "12_Publishing Packages on npm",
  "lockfileVersion": 3,
  "requires": true,
  "packages": {
    "": {
      "dependencies": {
        "ratheraadil": "^1.0.1"
      }
    },
    "node_modules/ratheraadil": {
      "version": "1.0.1",
      "resolved": "https://registry.npmjs.org/ratheraadil/-/ratheraadil-1.0.1.tgz",
      "integrity": "sha512-r/T5vGkxyJy9LUYGJR7t5hptOcAPB8qt5IJgB5E99eYf/xvI31/oiMtf++MeRjOuy7iLLf7tx2ixouOlL6duyQ=="
    }
  }
}
